
Microsoft Visual Studio Solution File, Format Version 12.00
# Visual Studio Version 17
VisualStudioVersion = 17.3.32929.385
MinimumVisualStudioVersion = 10.0.40219.1
Project("{9A19103F-16F7-4668-BE54-9A1E7A4F7556}") = "BatmanCalculator.WebApi", "BatmanCalculator.WebApi\BatmanCalculator.WebApi.csproj", "{335D79B9-F724-423E-B458-962322A6337D}"
EndProject
Project("{9A19103F-16F7-4668-BE54-9A1E7A4F7556}") = "Calculator.Services", "BatmanCalculator.Services\Calculator.Services.csproj", "{5E4DFDD6-DBE6-44BF-8EF0-B771E5FEF4B0}"
EndProject
Global
	GlobalSection(SolutionConfigurationPlatforms) = preSolution
		Debug|Any CPU = Debug|Any CPU
		Release|Any CPU = Release|Any CPU
	EndGlobalSection
	GlobalSection(ProjectConfigurationPlatforms) = postSolution
		{335D79B9-F724-423E-B458-962322A6337D}.Debug|Any CPU.ActiveCfg = Debug|Any CPU
		{335D79B9-F724-423E-B458-962322A6337D}.Debug|Any CPU.Build.0 = Debug|Any CPU
		{335D79B9-F724-423E-B458-962322A6337D}.Release|Any CPU.ActiveCfg = Release|Any CPU
		{335D79B9-F724-423E-B458-962322A6337D}.Release|Any CPU.Build.0 = Release|Any CPU
		{5E4DFDD6-DBE6-44BF-8EF0-B771E5FEF4B0}.Debug|Any CPU.ActiveCfg = Debug|Any CPU
		{5E4DFDD6-DBE6-44BF-8EF0-B771E5FEF4B0}.Debug|Any CPU.Build.0 = Debug|Any CPU
		{5E4DFDD6-DBE6-44BF-8EF0-B771E5FEF4B0}.Release|Any CPU.ActiveCfg = Release|Any CPU
		{5E4DFDD6-DBE6-44BF-8EF0-B771E5FEF4B0}.Release|Any CPU.Build.0 = Release|Any CPU
	EndGlobalSection
	GlobalSection(SolutionProperties) = preSolution
		HideSolutionNode = FALSE
	EndGlobalSection
	GlobalSection(ExtensibilityGlobals) = postSolution
		SolutionGuid = {8D1710D8-648C-431A-AA5B-29A93CFF22A1}
	EndGlobalSection
EndGlobal
